
Microsoft Visual Studio Solution File, Format Version 12.00
# Visual Studio 15
VisualStudioVersion = 15.0.27428.2011
MinimumVisualStudioVersion = 10.0.40219.1
Project("{FAE04EC0-301F-11D3-BF4B-00C04F79EFBC}") = "DataClientApp", "DataClientApp\DataClientApp.csproj", "{0616E1B6-00DA-4D96-9B59-B07E0C00D556}"
EndProject
Project("{FAE04EC0-301F-11D3-BF4B-00C04F79EFBC}") = "DataClientLib", "DataClient\DataClientLib.csproj", "{3771F953-847D-4C0C-B96C-2A991868299D}"
EndProject
Project("{FAE04EC0-301F-11D3-BF4B-00C04F79EFBC}") = "Network", "..\Lib\Network\Network.csproj", "{6F04375C-8FEA-4E16-A594-ACF202B4A585}"
EndProject
Project("{FAE04EC0-301F-11D3-BF4B-00C04F79EFBC}") = "Logging", "..\Lib\Logging\Logging.csproj", "{3CD22743-9EED-45E2-941C-6528AA66C0DF}"
EndProject
Project("{FAE04EC0-301F-11D3-BF4B-00C04F79EFBC}") = "HouseKeeping", "..\Lib\HouseKeeping\HouseKeeping.csproj", "{8A052A42-96EE-4316-8D44-0D2EEAE88D6D}"
EndProject
Global
	GlobalSection(SolutionConfigurationPlatforms) = preSolution
		Debug|Any CPU = Debug|Any CPU
		Release|Any CPU = Release|Any CPU
	EndGlobalSection
	GlobalSection(ProjectConfigurationPlatforms) = postSolution
		{0616E1B6-00DA-4D96-9B59-B07E0C00D556}.Debug|Any CPU.ActiveCfg = Debug|Any CPU
		{0616E1B6-00DA-4D96-9B59-B07E0C00D556}.Debug|Any CPU.Build.0 = Debug|Any CPU
		{0616E1B6-00DA-4D96-9B59-B07E0C00D556}.Release|Any CPU.ActiveCfg = Release|Any CPU
		{0616E1B6-00DA-4D96-9B59-B07E0C00D556}.Release|Any CPU.Build.0 = Release|Any CPU
		{3771F953-847D-4C0C-B96C-2A991868299D}.Debug|Any CPU.ActiveCfg = Debug|Any CPU
		{3771F953-847D-4C0C-B96C-2A991868299D}.Debug|Any CPU.Build.0 = Debug|Any CPU
		{3771F953-847D-4C0C-B96C-2A991868299D}.Release|Any CPU.ActiveCfg = Release|Any CPU
		{3771F953-847D-4C0C-B96C-2A991868299D}.Release|Any CPU.Build.0 = Release|Any CPU
		{6F04375C-8FEA-4E16-A594-ACF202B4A585}.Debug|Any CPU.ActiveCfg = Debug|Any CPU
		{6F04375C-8FEA-4E16-A594-ACF202B4A585}.Debug|Any CPU.Build.0 = Debug|Any CPU
		{6F04375C-8FEA-4E16-A594-ACF202B4A585}.Release|Any CPU.ActiveCfg = Release|Any CPU
		{6F04375C-8FEA-4E16-A594-ACF202B4A585}.Release|Any CPU.Build.0 = Release|Any CPU
		{3CD22743-9EED-45E2-941C-6528AA66C0DF}.Debug|Any CPU.ActiveCfg = Debug|Any CPU
		{3CD22743-9EED-45E2-941C-6528AA66C0DF}.Debug|Any CPU.Build.0 = Debug|Any CPU
		{3CD22743-9EED-45E2-941C-6528AA66C0DF}.Release|Any CPU.ActiveCfg = Release|Any CPU
		{3CD22743-9EED-45E2-941C-6528AA66C0DF}.Release|Any CPU.Build.0 = Release|Any CPU
		{8A052A42-96EE-4316-8D44-0D2EEAE88D6D}.Debug|Any CPU.ActiveCfg = Debug|Any CPU
		{8A052A42-96EE-4316-8D44-0D2EEAE88D6D}.Debug|Any CPU.Build.0 = Debug|Any CPU
		{8A052A42-96EE-4316-8D44-0D2EEAE88D6D}.Release|Any CPU.ActiveCfg = Release|Any CPU
		{8A052A42-96EE-4316-8D44-0D2EEAE88D6D}.Release|Any CPU.Build.0 = Release|Any CPU
	EndGlobalSection
	GlobalSection(SolutionProperties) = preSolution
		HideSolutionNode = FALSE
	EndGlobalSection
	GlobalSection(ExtensibilityGlobals) = postSolution
		SolutionGuid = {BEBC9ABF-E5A3-4208-B8F7-EEC43B9DD353}
	EndGlobalSection
EndGlobal
